
Microsoft Visual Studio Solution File, Format Version 12.00
# Visual Studio Version 17
VisualStudioVersion = 17.7.34202.233
MinimumVisualStudioVersion = 10.0.40219.1
Project("{9A19103F-16F7-4668-BE54-9A1E7A4F7556}") = "CarFactory", "CarFactory.csproj", "{C1A8C134-E83C-43B4-A5AB-A7D3069FBB8A}"
EndProject
Global
	GlobalSection(SolutionConfigurationPlatforms) = preSolution
		Debug|Any CPU = Debug|Any CPU
		Release|Any CPU = Release|Any CPU
	EndGlobalSection
	GlobalSection(ProjectConfigurationPlatforms) = postSolution
		{C1A8C134-E83C-43B4-A5AB-A7D3069FBB8A}.Debug|Any CPU.ActiveCfg = Debug|Any CPU
		{C1A8C134-E83C-43B4-A5AB-A7D3069FBB8A}.Debug|Any CPU.Build.0 = Debug|Any CPU
		{C1A8C134-E83C-43B4-A5AB-A7D3069FBB8A}.Release|Any CPU.ActiveCfg = Release|Any CPU
		{C1A8C134-E83C-43B4-A5AB-A7D3069FBB8A}.Release|Any CPU.Build.0 = Release|Any CPU
	EndGlobalSection
	GlobalSection(SolutionProperties) = preSolution
		HideSolutionNode = FALSE
	EndGlobalSection
	GlobalSection(ExtensibilityGlobals) = postSolution
		SolutionGuid = {C6E51BB2-C587-42E0-BE6C-7957FE2EA70B}
	EndGlobalSection
EndGlobal
